
Microsoft Visual Studio Solution File, Format Version 12.00
# Visual Studio Version 17
VisualStudioVersion = 17.4.33103.184
MinimumVisualStudioVersion = 10.0.40219.1
Project("{FAE04EC0-301F-11D3-BF4B-00C04F79EFBC}") = "BFF-preguntas-respuestas", "BFF-preguntas-respuestas\BFF-preguntas-respuestas.csproj", "{DD1A2AA7-A17F-4782-91DD-5FF2FB79A514}"
EndProject
Global
	GlobalSection(SolutionConfigurationPlatforms) = preSolution
		Debug|Any CPU = Debug|Any CPU
		Release|Any CPU = Release|Any CPU
	EndGlobalSection
	GlobalSection(ProjectConfigurationPlatforms) = postSolution
		{DD1A2AA7-A17F-4782-91DD-5FF2FB79A514}.Debug|Any CPU.ActiveCfg = Debug|Any CPU
		{DD1A2AA7-A17F-4782-91DD-5FF2FB79A514}.Debug|Any CPU.Build.0 = Debug|Any CPU
		{DD1A2AA7-A17F-4782-91DD-5FF2FB79A514}.Release|Any CPU.ActiveCfg = Release|Any CPU
		{DD1A2AA7-A17F-4782-91DD-5FF2FB79A514}.Release|Any CPU.Build.0 = Release|Any CPU
	EndGlobalSection
	GlobalSection(SolutionProperties) = preSolution
		HideSolutionNode = FALSE
	EndGlobalSection
	GlobalSection(ExtensibilityGlobals) = postSolution
		SolutionGuid = {8604DE4D-9D66-4483-95DF-1FEF61EAA012}
	EndGlobalSection
EndGlobal
